
Microsoft Visual Studio Solution File, Format Version 12.00
# Visual Studio Version 17
VisualStudioVersion = 17.10.35013.160
MinimumVisualStudioVersion = 10.0.40219.1
Project("{2150E333-8FDC-42A3-9474-1A3956D46DE8}") = "Frontend", "Frontend", "{0516501A-39A1-4C4C-9920-D97B11271E76}"
EndProject
Project("{2150E333-8FDC-42A3-9474-1A3956D46DE8}") = "Gateway", "Gateway", "{88312F44-0CCE-4A42-B1A0-8BBBDFD8110B}"
EndProject
Project("{2150E333-8FDC-42A3-9474-1A3956D46DE8}") = "Integration", "Integration", "{A667165B-B173-421E-B13C-EE6788208C0A}"
EndProject
Project("{2150E333-8FDC-42A3-9474-1A3956D46DE8}") = "Services", "Services", "{A5CC7416-54E7-4FA4-A88F-A74C5D5C30CD}"
EndProject
Project("{9A19103F-16F7-4668-BE54-9A1E7A4F7556}") = "Cherry.Services.CouponAPI", "Cherry.Services.CouponAPI\Cherry.Services.CouponAPI.csproj", "{A247E541-62CF-455A-AD80-AB46BFBA61DA}"
EndProject
Project("{9A19103F-16F7-4668-BE54-9A1E7A4F7556}") = "Cherry.Web", "Cherry.Web\Cherry.Web.csproj", "{C4BA6C22-3AC4-4EDA-BE02-BE0224F1DEB0}"
EndProject
Project("{9A19103F-16F7-4668-BE54-9A1E7A4F7556}") = "Cherry.Services.AuthAPI", "Cherry.Services.AuthAPI\Cherry.Services.AuthAPI.csproj", "{E8373706-9958-4E00-A230-16BE510F1AB0}"
EndProject
Project("{9A19103F-16F7-4668-BE54-9A1E7A4F7556}") = "Cherry.Services.ProductAPI", "Cherry.Services.ProductAPI\Cherry.Services.ProductAPI.csproj", "{3BDD40C4-7697-45D5-8186-B84B72D199D2}"
EndProject
Project("{9A19103F-16F7-4668-BE54-9A1E7A4F7556}") = "Cherry.Services.ShoppingCartAPI", "Cherry.Services.ShoppingCartAPI\Cherry.Services.ShoppingCartAPI.csproj", "{052102B0-8359-4837-9632-76F6F486FC22}"
EndProject
Project("{9A19103F-16F7-4668-BE54-9A1E7A4F7556}") = "Cherry.MessageBus", "Cherry.MessageBus\Cherry.MessageBus.csproj", "{0F44D3D5-6FA0-4B3D-B44D-2C24841F9323}"
EndProject
Project("{9A19103F-16F7-4668-BE54-9A1E7A4F7556}") = "Cherry.Services.EmailAPI", "Cherry.Services.EmailAPI\Cherry.Services.EmailAPI.csproj", "{CF9ED4F6-8547-417E-BE50-D38A7D17B878}"
EndProject
Project("{9A19103F-16F7-4668-BE54-9A1E7A4F7556}") = "Cherry.Services.OrderAPI", "Cherry.Services.OrderAPI\Cherry.Services.OrderAPI.csproj", "{76BAB4B9-4DF7-4323-B054-B8B05A24C30B}"
EndProject
Project("{FAE04EC0-301F-11D3-BF4B-00C04F79EFBC}") = "Cherry.Services.RewardAPI", "Cherry.Services.RewardAPI\Cherry.Services.RewardAPI.csproj", "{CA47BDAE-BD1A-4C5E-8379-D5B7590A3673}"
EndProject
Global
	GlobalSection(SolutionConfigurationPlatforms) = preSolution
		Debug|Any CPU = Debug|Any CPU
		Release|Any CPU = Release|Any CPU
	EndGlobalSection
	GlobalSection(ProjectConfigurationPlatforms) = postSolution
		{A247E541-62CF-455A-AD80-AB46BFBA61DA}.Debug|Any CPU.ActiveCfg = Debug|Any CPU
		{A247E541-62CF-455A-AD80-AB46BFBA61DA}.Debug|Any CPU.Build.0 = Debug|Any CPU
		{A247E541-62CF-455A-AD80-AB46BFBA61DA}.Release|Any CPU.ActiveCfg = Release|Any CPU
		{A247E541-62CF-455A-AD80-AB46BFBA61DA}.Release|Any CPU.Build.0 = Release|Any CPU
		{C4BA6C22-3AC4-4EDA-BE02-BE0224F1DEB0}.Debug|Any CPU.ActiveCfg = Debug|Any CPU
		{C4BA6C22-3AC4-4EDA-BE02-BE0224F1DEB0}.Debug|Any CPU.Build.0 = Debug|Any CPU
		{C4BA6C22-3AC4-4EDA-BE02-BE0224F1DEB0}.Release|Any CPU.ActiveCfg = Release|Any CPU
		{C4BA6C22-3AC4-4EDA-BE02-BE0224F1DEB0}.Release|Any CPU.Build.0 = Release|Any CPU
		{E8373706-9958-4E00-A230-16BE510F1AB0}.Debug|Any CPU.ActiveCfg = Debug|Any CPU
		{E8373706-9958-4E00-A230-16BE510F1AB0}.Debug|Any CPU.Build.0 = Debug|Any CPU
		{E8373706-9958-4E00-A230-16BE510F1AB0}.Release|Any CPU.ActiveCfg = Release|Any CPU
		{E8373706-9958-4E00-A230-16BE510F1AB0}.Release|Any CPU.Build.0 = Release|Any CPU
		{3BDD40C4-7697-45D5-8186-B84B72D199D2}.Debug|Any CPU.ActiveCfg = Debug|Any CPU
		{3BDD40C4-7697-45D5-8186-B84B72D199D2}.Debug|Any CPU.Build.0 = Debug|Any CPU
		{3BDD40C4-7697-45D5-8186-B84B72D199D2}.Release|Any CPU.ActiveCfg = Release|Any CPU
		{3BDD40C4-7697-45D5-8186-B84B72D199D2}.Release|Any CPU.Build.0 = Release|Any CPU
		{052102B0-8359-4837-9632-76F6F486FC22}.Debug|Any CPU.ActiveCfg = Debug|Any CPU
		{052102B0-8359-4837-9632-76F6F486FC22}.Debug|Any CPU.Build.0 = Debug|Any CPU
		{052102B0-8359-4837-9632-76F6F486FC22}.Release|Any CPU.ActiveCfg = Release|Any CPU
		{052102B0-8359-4837-9632-76F6F486FC22}.Release|Any CPU.Build.0 = Release|Any CPU
		{0F44D3D5-6FA0-4B3D-B44D-2C24841F9323}.Debug|Any CPU.ActiveCfg = Debug|Any CPU
		{0F44D3D5-6FA0-4B3D-B44D-2C24841F9323}.Debug|Any CPU.Build.0 = Debug|Any CPU
		{0F44D3D5-6FA0-4B3D-B44D-2C24841F9323}.Release|Any CPU.ActiveCfg = Release|Any CPU
		{0F44D3D5-6FA0-4B3D-B44D-2C24841F9323}.Release|Any CPU.Build.0 = Release|Any CPU
		{CF9ED4F6-8547-417E-BE50-D38A7D17B878}.Debug|Any CPU.ActiveCfg = Debug|Any CPU
		{CF9ED4F6-8547-417E-BE50-D38A7D17B878}.Debug|Any CPU.Build.0 = Debug|Any CPU
		{CF9ED4F6-8547-417E-BE50-D38A7D17B878}.Release|Any CPU.ActiveCfg = Release|Any CPU
		{CF9ED4F6-8547-417E-BE50-D38A7D17B878}.Release|Any CPU.Build.0 = Release|Any CPU
		{76BAB4B9-4DF7-4323-B054-B8B05A24C30B}.Debug|Any CPU.ActiveCfg = Debug|Any CPU
		{76BAB4B9-4DF7-4323-B054-B8B05A24C30B}.Debug|Any CPU.Build.0 = Debug|Any CPU
		{76BAB4B9-4DF7-4323-B054-B8B05A24C30B}.Release|Any CPU.ActiveCfg = Release|Any CPU
		{76BAB4B9-4DF7-4323-B054-B8B05A24C30B}.Release|Any CPU.Build.0 = Release|Any CPU
		{CA47BDAE-BD1A-4C5E-8379-D5B7590A3673}.Debug|Any CPU.ActiveCfg = Debug|Any CPU
		{CA47BDAE-BD1A-4C5E-8379-D5B7590A3673}.Debug|Any CPU.Build.0 = Debug|Any CPU
		{CA47BDAE-BD1A-4C5E-8379-D5B7590A3673}.Release|Any CPU.ActiveCfg = Release|Any CPU
		{CA47BDAE-BD1A-4C5E-8379-D5B7590A3673}.Release|Any CPU.Build.0 = Release|Any CPU
	EndGlobalSection
	GlobalSection(SolutionProperties) = preSolution
		HideSolutionNode = FALSE
	EndGlobalSection
	GlobalSection(NestedProjects) = preSolution
		{A247E541-62CF-455A-AD80-AB46BFBA61DA} = {A5CC7416-54E7-4FA4-A88F-A74C5D5C30CD}
		{C4BA6C22-3AC4-4EDA-BE02-BE0224F1DEB0} = {0516501A-39A1-4C4C-9920-D97B11271E76}
		{E8373706-9958-4E00-A230-16BE510F1AB0} = {A5CC7416-54E7-4FA4-A88F-A74C5D5C30CD}
		{3BDD40C4-7697-45D5-8186-B84B72D199D2} = {A5CC7416-54E7-4FA4-A88F-A74C5D5C30CD}
		{052102B0-8359-4837-9632-76F6F486FC22} = {A5CC7416-54E7-4FA4-A88F-A74C5D5C30CD}
		{0F44D3D5-6FA0-4B3D-B44D-2C24841F9323} = {A667165B-B173-421E-B13C-EE6788208C0A}
		{CF9ED4F6-8547-417E-BE50-D38A7D17B878} = {A5CC7416-54E7-4FA4-A88F-A74C5D5C30CD}
		{76BAB4B9-4DF7-4323-B054-B8B05A24C30B} = {A5CC7416-54E7-4FA4-A88F-A74C5D5C30CD}
		{CA47BDAE-BD1A-4C5E-8379-D5B7590A3673} = {A5CC7416-54E7-4FA4-A88F-A74C5D5C30CD}
	EndGlobalSection
	GlobalSection(ExtensibilityGlobals) = postSolution
		SolutionGuid = {BCE0E2A3-DA65-4CA6-A728-302819C04013}
	EndGlobalSection
EndGlobal
